
Microsoft Visual Studio Solution File, Format Version 12.00
# Visual Studio Version 17
VisualStudioVersion = 17.14.36616.10 d17.14
MinimumVisualStudioVersion = 10.0.40219.1
Project("{FAE04EC0-301F-11D3-BF4B-00C04F79EFBC}") = "PasswordManager", "PasswordManager\PasswordManager.csproj", "{B8860081-CCCB-481C-86FB-E3C7BD217651}"
EndProject
Global
	GlobalSection(SolutionConfigurationPlatforms) = preSolution
		Debug|Any CPU = Debug|Any CPU
		Release|Any CPU = Release|Any CPU
	EndGlobalSection
	GlobalSection(ProjectConfigurationPlatforms) = postSolution
		{B8860081-CCCB-481C-86FB-E3C7BD217651}.Debug|Any CPU.ActiveCfg = Debug|Any CPU
		{B8860081-CCCB-481C-86FB-E3C7BD217651}.Debug|Any CPU.Build.0 = Debug|Any CPU
		{B8860081-CCCB-481C-86FB-E3C7BD217651}.Release|Any CPU.ActiveCfg = Release|Any CPU
		{B8860081-CCCB-481C-86FB-E3C7BD217651}.Release|Any CPU.Build.0 = Release|Any CPU
	EndGlobalSection
	GlobalSection(SolutionProperties) = preSolution
		HideSolutionNode = FALSE
	EndGlobalSection
	GlobalSection(ExtensibilityGlobals) = postSolution
		SolutionGuid = {6931874B-6089-423A-A1FD-1E2929566828}
	EndGlobalSection
EndGlobal
